// !$*UTF8*$!
{
	archiveVersion = 1;
	classes = {
	};
	objectVersion = 56;
	objects = {

/* Begin PBXBuildFile section */
		ADF0DC8B28E33DEA00B99EB1 /* Final_CalculatorApp.swift in Sources */ = {isa = PBXBuildFile; fileRef = ADF0DC8A28E33DEA00B99EB1 /* Final_CalculatorApp.swift */; };
		ADF0DC8D28E33DEA00B99EB1 /* ContentView.swift in Sources */ = {isa = PBXBuildFile; fileRef = ADF0DC8C28E33DEA00B99EB1 /* ContentView.swift */; };
		ADF0DC8F28E33DEB00B99EB1 /* Assets.xcassets in Resources */ = {isa = PBXBuildFile; fileRef = ADF0DC8E28E33DEB00B99EB1 /* Assets.xcassets */; };
		ADF0DC9228E33DEB00B99EB1 /* Preview Assets.xcassets in Resources */ = {isa = PBXBuildFile; fileRef = ADF0DC9128E33DEB00B99EB1 /* Preview Assets.xcassets */; };
		ADF0DC9C28E33DEB00B99EB1 /* Final_CalculatorTests.swift in Sources */ = {isa = PBXBuildFile; fileRef = ADF0DC9B28E33DEB00B99EB1 /* Final_CalculatorTests.swift */; };
		ADF0DCA628E33DEB00B99EB1 /* Final_CalculatorUITests.swift in Sources */ = {isa = PBXBuildFile; fileRef = ADF0DCA528E33DEB00B99EB1 /* Final_CalculatorUITests.swift */; };
		ADF0DCA828E33DEB00B99EB1 /* Final_CalculatorUITestsLaunchTests.swift in Sources */ = {isa = PBXBuildFile; fileRef = ADF0DCA728E33DEB00B99EB1 /* Final_CalculatorUITestsLaunchTests.swift */; };
/* End PBXBuildFile section */

/* Begin PBXContainerItemProxy section */
		ADF0DC9828E33DEB00B99EB1 /* PBXContainerItemProxy */ = {
			isa = PBXContainerItemProxy;
			containerPortal = ADF0DC7F28E33DEA00B99EB1 /* Project object */;
			proxyType = 1;
			remoteGlobalIDString = ADF0DC8628E33DEA00B99EB1;
			remoteInfo = "Final Calculator";
		};
		ADF0DCA228E33DEB00B99EB1 /* PBXContainerItemProxy */ = {
			isa = PBXContainerItemProxy;
			containerPortal = ADF0DC7F28E33DEA00B99EB1 /* Project object */;
			proxyType = 1;
			remoteGlobalIDString = ADF0DC8628E33DEA00B99EB1;
			remoteInfo = "Final Calculator";
		};
/* End PBXContainerItemProxy section */

/* Begin PBXFileReference section */
		ADF0DC8728E33DEA00B99EB1 /* Final Calculator.app */ = {isa = PBXFileReference; explicitFileType = wrapper.application; includeInIndex = 0; path = "Final Calculator.app"; sourceTree = BUILT_PRODUCTS_DIR; };
		ADF0DC8A28E33DEA00B99EB1 /* Final_CalculatorApp.swift */ = {isa = PBXFileReference; lastKnownFileType = sourcecode.swift; path = Final_CalculatorApp.swift; sourceTree = "<group>"; };
		ADF0DC8C28E33DEA00B99EB1 /* ContentView.swift */ = {isa = PBXFileReference; lastKnownFileType = sourcecode.swift; path = ContentView.swift; sourceTree = "<group>"; };
		ADF0DC8E28E33DEB00B99EB1 /* Assets.xcassets */ = {isa = PBXFileReference; lastKnownFileType = folder.assetcatalog; path = Assets.xcassets; sourceTree = "<group>"; };
		ADF0DC9128E33DEB00B99EB1 /* Preview Assets.xcassets */ = {isa = PBXFileReference; lastKnownFileType = folder.assetcatalog; path = "Preview Assets.xcassets"; sourceTree = "<group>"; };
		ADF0DC9728E33DEB00B99EB1 /* Final CalculatorTests.xctest */ = {isa = PBXFileReference; explicitFileType = wrapper.cfbundle; includeInIndex = 0; path = "Final CalculatorTests.xctest"; sourceTree = BUILT_PRODUCTS_DIR; };
		ADF0DC9B28E33DEB00B99EB1 /* Final_CalculatorTests.swift */ = {isa = PBXFileReference; lastKnownFileType = sourcecode.swift; path = Final_CalculatorTests.swift; sourceTree = "<group>"; };
		ADF0DCA128E33DEB00B99EB1 /* Final CalculatorUITests.xctest */ = {isa = PBXFileReference; explicitFileType = wrapper.cfbundle; includeInIndex = 0; path = "Final CalculatorUITests.xctest"; sourceTree = BUILT_PRODUCTS_DIR; };
		ADF0DCA528E33DEB00B99EB1 /* Final_CalculatorUITests.swift */ = {isa = PBXFileReference; lastKnownFileType = sourcecode.swift; path = Final_CalculatorUITests.swift; sourceTree = "<group>"; };
		ADF0DCA728E33DEB00B99EB1 /* Final_CalculatorUITestsLaunchTests.swift */ = {isa = PBXFileReference; lastKnownFileType = sourcecode.swift; path = Final_CalculatorUITestsLaunchTests.swift; sourceTree = "<group>"; };
/* End PBXFileReference section */

/* Begin PBXFrameworksBuildPhase section */
		ADF0DC8428E33DEA00B99EB1 /* Frameworks */ = {
			isa = PBXFrameworksBuildPhase;
			buildActionMask = 2147483647;
			files = (
			);
			runOnlyForDeploymentPostprocessing = 0;
		};
		ADF0DC9428E33DEB00B99EB1 /* Frameworks */ = {
			isa = PBXFrameworksBuildPhase;
			buildActionMask = 2147483647;
			files = (
			);
			runOnlyForDeploymentPostprocessing = 0;
		};
		ADF0DC9E28E33DEB00B99EB1 /* Frameworks */ = {
			isa = PBXFrameworksBuildPhase;
			buildActionMask = 2147483647;
			files = (
			);
			runOnlyForDeploymentPostprocessing = 0;
		};
/* End PBXFrameworksBuildPhase section */

/* Begin PBXGroup section */
		ADF0DC7E28E33DEA00B99EB1 = {
			isa = PBXGroup;
			children = (
				ADF0DC8928E33DEA00B99EB1 /* Final Calculator */,
				ADF0DC9A28E33DEB00B99EB1 /* Final CalculatorTests */,
				ADF0DCA428E33DEB00B99EB1 /* Final CalculatorUITests */,
				ADF0DC8828E33DEA00B99EB1 /* Products */,
			);
			sourceTree = "<group>";
		};
		ADF0DC8828E33DEA00B99EB1 /* Products */ = {
			isa = PBXGroup;
			children = (
				ADF0DC8728E33DEA00B99EB1 /* Final Calculator.app */,
				ADF0DC9728E33DEB00B99EB1 /* Final CalculatorTests.xctest */,
				ADF0DCA128E33DEB00B99EB1 /* Final CalculatorUITests.xctest */,
			);
			name = Products;
			sourceTree = "<group>";
		};
		ADF0DC8928E33DEA00B99EB1 /* Final Calculator */ = {
			isa = PBXGroup;
			children = (
				ADF0DC8A28E33DEA00B99EB1 /* Final_CalculatorApp.swift */,
				ADF0DC8C28E33DEA00B99EB1 /* ContentView.swift */,
				ADF0DC8E28E33DEB00B99EB1 /* Assets.xcassets */,
				ADF0DC9028E33DEB00B99EB1 /* Preview Content */,
			);
			path = "Final Calculator";
			sourceTree = "<group>";
		};
		ADF0DC9028E33DEB00B99EB1 /* Preview Content */ = {
			isa = PBXGroup;
			children = (
				ADF0DC9128E33DEB00B99EB1 /* Preview Assets.xcassets */,
			);
			path = "Preview Content";
			sourceTree = "<group>";
		};
		ADF0DC9A28E33DEB00B99EB1 /* Final CalculatorTests */ = {
			isa = PBXGroup;
			children = (
				ADF0DC9B28E33DEB00B99EB1 /* Final_CalculatorTests.swift */,
			);
			path = "Final CalculatorTests";
			sourceTree = "<group>";
		};
		ADF0DCA428E33DEB00B99EB1 /* Final CalculatorUITests */ = {
			isa = PBXGroup;
			children = (
				ADF0DCA528E33DEB00B99EB1 /* Final_CalculatorUITests.swift */,
				ADF0DCA728E33DEB00B99EB1 /* Final_CalculatorUITestsLaunchTests.swift */,
			);
			path = "Final CalculatorUITests";
			sourceTree = "<group>";
		};
/* End PBXGroup section */

/* Begin PBXNativeTarget section */
		ADF0DC8628E33DEA00B99EB1 /* Final Calculator */ = {
			isa = PBXNativeTarget;
			buildConfigurationList = ADF0DCAB28E33DEB00B99EB1 /* Build configuration list for PBXNativeTarget "Final Calculator" */;
			buildPhases = (
				ADF0DC8328E33DEA00B99EB1 /* Sources */,
				ADF0DC8428E33DEA00B99EB1 /* Frameworks */,
				ADF0DC8528E33DEA00B99EB1 /* Resources */,
			);
			buildRules = (
			);
			dependencies = (
			);
			name = "Final Calculator";
			productName = "Final Calculator";
			productReference = ADF0DC8728E33DEA00B99EB1 /* Final Calculator.app */;
			productType = "com.apple.product-type.application";
		};
		ADF0DC9628E33DEB00B99EB1 /* Final CalculatorTests */ = {
			isa = PBXNativeTarget;
			buildConfigurationList = ADF0DCAE28E33DEB00B99EB1 /* Build configuration list for PBXNativeTarget "Final CalculatorTests" */;
			buildPhases = (
				ADF0DC9328E33DEB00B99EB1 /* Sources */,
				ADF0DC9428E33DEB00B99EB1 /* Frameworks */,
				ADF0DC9528E33DEB00B99EB1 /* Resources */,
			);
			buildRules = (
			);
			dependencies = (
				ADF0DC9928E33DEB00B99EB1 /* PBXTargetDependency */,
			);
			name = "Final CalculatorTests";
			productName = "Final CalculatorTests";
			productReference = ADF0DC9728E33DEB00B99EB1 /* Final CalculatorTests.xctest */;
			productType = "com.apple.product-type.bundle.unit-test";
		};
		ADF0DCA028E33DEB00B99EB1 /* Final CalculatorUITests */ = {
			isa = PBXNativeTarget;
			buildConfigurationList = ADF0DCB128E33DEB00B99EB1 /* Build configuration list for PBXNativeTarget "Final CalculatorUITests" */;
			buildPhases = (
				ADF0DC9D28E33DEB00B99EB1 /* Sources */,
				ADF0DC9E28E33DEB00B99EB1 /* Frameworks */,
				ADF0DC9F28E33DEB00B99EB1 /* Resources */,
			);
			buildRules = (
			);
			dependencies = (
				ADF0DCA328E33DEB00B99EB1 /* PBXTargetDependency */,
			);
			name = "Final CalculatorUITests";
			productName = "Final CalculatorUITests";
			productReference = ADF0DCA128E33DEB00B99EB1 /* Final CalculatorUITests.xctest */;
			productType = "com.apple.product-type.bundle.ui-testing";
		};
/* End PBXNativeTarget section */

/* Begin PBXProject section */
		ADF0DC7F28E33DEA00B99EB1 /* Project object */ = {
			isa = PBXProject;
			attributes = {
				BuildIndependentTargetsInParallel = 1;
				LastSwiftUpdateCheck = 1400;
				LastUpgradeCheck = 1400;
				TargetAttributes = {
					ADF0DC8628E33DEA00B99EB1 = {
						CreatedOnToolsVersion = 14.0;
					};
					ADF0DC9628E33DEB00B99EB1 = {
						CreatedOnToolsVersion = 14.0;
						TestTargetID = ADF0DC8628E33DEA00B99EB1;
					};
					ADF0DCA028E33DEB00B99EB1 = {
						CreatedOnToolsVersion = 14.0;
						TestTargetID = ADF0DC8628E33DEA00B99EB1;
					};
				};
			};
			buildConfigurationList = ADF0DC8228E33DEA00B99EB1 /* Build configuration list for PBXProject "Final Calculator" */;
			compatibilityVersion = "Xcode 14.0";
			developmentRegion = en;
			hasScannedForEncodings = 0;
			knownRegions = (
				en,
				Base,
			);
			mainGroup = ADF0DC7E28E33DEA00B99EB1;
			productRefGroup = ADF0DC8828E33DEA00B99EB1 /* Products */;
			projectDirPath = "";
			projectRoot = "";
			targets = (
				ADF0DC8628E33DEA00B99EB1 /* Final Calculator */,
				ADF0DC9628E33DEB00B99EB1 /* Final CalculatorTests */,
				ADF0DCA028E33DEB00B99EB1 /* Final CalculatorUITests */,
			);
		};
/* End PBXProject section */

/* Begin PBXResourcesBuildPhase section */
		ADF0DC8528E33DEA00B99EB1 /* Resources */ = {
			isa = PBXResourcesBuildPhase;
			buildActionMask = 2147483647;
			files = (
				ADF0DC9228E33DEB00B99EB1 /* Preview Assets.xcassets in Resources */,
				ADF0DC8F28E33DEB00B99EB1 /* Assets.xcassets in Resources */,
			);
			runOnlyForDeploymentPostprocessing = 0;
		};
		ADF0DC9528E33DEB00B99EB1 /* Resources */ = {
			isa = PBXResourcesBuildPhase;
			buildActionMask = 2147483647;
			files = (
			);
			runOnlyForDeploymentPostprocessing = 0;
		};
		ADF0DC9F28E33DEB00B99EB1 /* Resources */ = {
			isa = PBXResourcesBuildPhase;
			buildActionMask = 2147483647;
			files = (
			);
			runOnlyForDeploymentPostprocessing = 0;
		};
/* End PBXResourcesBuildPhase section */

/* Begin PBXSourcesBuildPhase section */
		ADF0DC8328E33DEA00B99EB1 /* Sources */ = {
			isa = PBXSourcesBuildPhase;
			buildActionMask = 2147483647;
			files = (
				ADF0DC8D28E33DEA00B99EB1 /* ContentView.swift in Sources */,
				ADF0DC8B28E33DEA00B99EB1 /* Final_CalculatorApp.swift in Sources */,
			);
			runOnlyForDeploymentPostprocessing = 0;
		};
		ADF0DC9328E33DEB00B99EB1 /* Sources */ = {
			isa = PBXSourcesBuildPhase;
			buildActionMask = 2147483647;
			files = (
				ADF0DC9C28E33DEB00B99EB1 /* Final_CalculatorTests.swift in Sources */,
			);
			runOnlyForDeploymentPostprocessing = 0;
		};
		ADF0DC9D28E33DEB00B99EB1 /* Sources */ = {
			isa = PBXSourcesBuildPhase;
			buildActionMask = 2147483647;
			files = (
				ADF0DCA628E33DEB00B99EB1 /* Final_CalculatorUITests.swift in Sources */,
				ADF0DCA828E33DEB00B99EB1 /* Final_CalculatorUITestsLaunchTests.swift in Sources */,
			);
			runOnlyForDeploymentPostprocessing = 0;
		};
/* End PBXSourcesBuildPhase section */

/* Begin PBXTargetDependency section */
		ADF0DC9928E33DEB00B99EB1 /* PBXTargetDependency */ = {
			isa = PBXTargetDependency;
			target = ADF0DC8628E33DEA00B99EB1 /* Final Calculator */;
			targetProxy = ADF0DC9828E33DEB00B99EB1 /* PBXContainerItemProxy */;
		};
		ADF0DCA328E33DEB00B99EB1 /* PBXTargetDependency */ = {
			isa = PBXTargetDependency;
			target = ADF0DC8628E33DEA00B99EB1 /* Final Calculator */;
			targetProxy = ADF0DCA228E33DEB00B99EB1 /* PBXContainerItemProxy */;
		};
/* End PBXTargetDependency section */

/* Begin XCBuildConfiguration section */
		ADF0DCA928E33DEB00B99EB1 /* Debug */ = {
			isa = XCBuildConfiguration;
			buildSettings = {
				ALWAYS_SEARCH_USER_PATHS = NO;
				CLANG_ANALYZER_NONNULL = YES;
				CLANG_ANALYZER_NUMBER_OBJECT_CONVERSION = YES_AGGRESSIVE;
				CLANG_CXX_LANGUAGE_STANDARD = "gnu++20";
				CLANG_ENABLE_MODULES = YES;
				CLANG_ENABLE_OBJC_ARC = YES;
				CLANG_ENABLE_OBJC_WEAK = YES;
				CLANG_WARN_BLOCK_CAPTURE_AUTORELEASING = YES;
				CLANG_WARN_BOOL_CONVERSION = YES;
				CLANG_WARN_COMMA = YES;
				CLANG_WARN_CONSTANT_CONVERSION = YES;
				CLANG_WARN_DEPRECATED_OBJC_IMPLEMENTATIONS = YES;
				CLANG_WARN_DIRECT_OBJC_ISA_USAGE = YES_ERROR;
				CLANG_WARN_DOCUMENTATION_COMMENTS = YES;
				CLANG_WARN_EMPTY_BODY = YES;
				CLANG_WARN_ENUM_CONVERSION = YES;
				CLANG_WARN_INFINITE_RECURSION = YES;
				CLANG_WARN_INT_CONVERSION = YES;
				CLANG_WARN_NON_LITERAL_NULL_CONVERSION = YES;
				CLANG_WARN_OBJC_IMPLICIT_RETAIN_SELF = YES;
				CLANG_WARN_OBJC_LITERAL_CONVERSION = YES;
				CLANG_WARN_OBJC_ROOT_CLASS = YES_ERROR;
				CLANG_WARN_QUOTED_INCLUDE_IN_FRAMEWORK_HEADER = YES;
				CLANG_WARN_RANGE_LOOP_ANALYSIS = YES;
				CLANG_WARN_STRICT_PROTOTYPES = YES;
				CLANG_WARN_SUSPICIOUS_MOVE = YES;
				CLANG_WARN_UNGUARDED_AVAILABILITY = YES_AGGRESSIVE;
				CLANG_WARN_UNREACHABLE_CODE = YES;
				CLANG_WARN__DUPLICATE_METHOD_MATCH = YES;
				COPY_PHASE_STRIP = NO;
				DEBUG_INFORMATION_FORMAT = dwarf;
				ENABLE_STRICT_OBJC_MSGSEND = YES;
				ENABLE_TESTABILITY = YES;
				GCC_C_LANGUAGE_STANDARD = gnu11;
				GCC_DYNAMIC_NO_PIC = NO;
				GCC_NO_COMMON_BLOCKS = YES;
				GCC_OPTIMIZATION_LEVEL = 0;
				GCC_PREPROCESSOR_DEFINITIONS = (
					"DEBUG=1",
					"$(inherited)",
				);
				GCC_WARN_64_TO_32_BIT_CONVERSION = YES;
				GCC_WARN_ABOUT_RETURN_TYPE = YES_ERROR;
				GCC_WARN_UNDECLARED_SELECTOR = YES;
				GCC_WARN_UNINITIALIZED_AUTOS = YES_AGGRESSIVE;
				GCC_WARN_UNUSED_FUNCTION = YES;
				GCC_WARN_UNUSED_VARIABLE = YES;
				IPHONEOS_DEPLOYMENT_TARGET = 16.0;
				MTL_ENABLE_DEBUG_INFO = INCLUDE_SOURCE;
				MTL_FAST_MATH = YES;
				ONLY_ACTIVE_ARCH = YES;
				SDKROOT = iphoneos;
				SWIFT_ACTIVE_COMPILATION_CONDITIONS = DEBUG;
				SWIFT_OPTIMIZATION_LEVEL = "-Onone";
			};
			name = Debug;
		};
		ADF0DCAA28E33DEB00B99EB1 /* Release */ = {
			isa = XCBuildConfiguration;
			buildSettings = {
				ALWAYS_SEARCH_USER_PATHS = NO;
				CLANG_ANALYZER_NONNULL = YES;
				CLANG_ANALYZER_NUMBER_OBJECT_CONVERSION = YES_AGGRESSIVE;
				CLANG_CXX_LANGUAGE_STANDARD = "gnu++20";
				CLANG_ENABLE_MODULES = YES;
				CLANG_ENABLE_OBJC_ARC = YES;
				CLANG_ENABLE_OBJC_WEAK = YES;
				CLANG_WARN_BLOCK_CAPTURE_AUTORELEASING = YES;
				CLANG_WARN_BOOL_CONVERSION = YES;
				CLANG_WARN_COMMA = YES;
				CLANG_WARN_CONSTANT_CONVERSION = YES;
				CLANG_WARN_DEPRECATED_OBJC_IMPLEMENTATIONS = YES;
				CLANG_WARN_DIRECT_OBJC_ISA_USAGE = YES_ERROR;
				CLANG_WARN_DOCUMENTATION_COMMENTS = YES;
				CLANG_WARN_EMPTY_BODY = YES;
				CLANG_WARN_ENUM_CONVERSION = YES;
				CLANG_WARN_INFINITE_RECURSION = YES;
				CLANG_WARN_INT_CONVERSION = YES;
				CLANG_WARN_NON_LITERAL_NULL_CONVERSION = YES;
				CLANG_WARN_OBJC_IMPLICIT_RETAIN_SELF = YES;
				CLANG_WARN_OBJC_LITERAL_CONVERSION = YES;
				CLANG_WARN_OBJC_ROOT_CLASS = YES_ERROR;
				CLANG_WARN_QUOTED_INCLUDE_IN_FRAMEWORK_HEADER = YES;
				CLANG_WARN_RANGE_LOOP_ANALYSIS = YES;
				CLANG_WARN_STRICT_PROTOTYPES = YES;
				CLANG_WARN_SUSPICIOUS_MOVE = YES;
				CLANG_WARN_UNGUARDED_AVAILABILITY = YES_AGGRESSIVE;
				CLANG_WARN_UNREACHABLE_CODE = YES;
				CLANG_WARN__DUPLICATE_METHOD_MATCH = YES;
				COPY_PHASE_STRIP = NO;
				DEBUG_INFORMATION_FORMAT = "dwarf-with-dsym";
				ENABLE_NS_ASSERTIONS = NO;
				ENABLE_STRICT_OBJC_MSGSEND = YES;
				GCC_C_LANGUAGE_STANDARD = gnu11;
				GCC_NO_COMMON_BLOCKS = YES;
				GCC_WARN_64_TO_32_BIT_CONVERSION = YES;
				GCC_WARN_ABOUT_RETURN_TYPE = YES_ERROR;
				GCC_WARN_UNDECLARED_SELECTOR = YES;
				GCC_WARN_UNINITIALIZED_AUTOS = YES_AGGRESSIVE;
				GCC_WARN_UNUSED_FUNCTION = YES;
				GCC_WARN_UNUSED_VARIABLE = YES;
				IPHONEOS_DEPLOYMENT_TARGET = 16.0;
				MTL_ENABLE_DEBUG_INFO = NO;
				MTL_FAST_MATH = YES;
				SDKROOT = iphoneos;
				SWIFT_COMPILATION_MODE = wholemodule;
				SWIFT_OPTIMIZATION_LEVEL = "-O";
				VALIDATE_PRODUCT = YES;
			};
			name = Release;
		};
		ADF0DCAC28E33DEB00B99EB1 /* Debug */ = {
			isa = XCBuildConfiguration;
			buildSettings = {
				ASSETCATALOG_COMPILER_APPICON_NAME = AppIcon;
				ASSETCATALOG_COMPILER_GLOBAL_ACCENT_COLOR_NAME = AccentColor;
				CODE_SIGN_STYLE = Automatic;
				CURRENT_PROJECT_VERSION = 1;
				DEVELOPMENT_ASSET_PATHS = "\"Final Calculator/Preview Content\"";
				ENABLE_PREVIEWS = YES;
				GENERATE_INFOPLIST_FILE = YES;
				INFOPLIST_KEY_UIApplicationSceneManifest_Generation = YES;
				INFOPLIST_KEY_UIApplicationSupportsIndirectInputEvents = YES;
				INFOPLIST_KEY_UILaunchScreen_Generation = YES;
				INFOPLIST_KEY_UISupportedInterfaceOrientations_iPad = "UIInterfaceOrientationPortrait UIInterfaceOrientationPortraitUpsideDown UIInterfaceOrientationLandscapeLeft UIInterfaceOrientationLandscapeRight";
				INFOPLIST_KEY_UISupportedInterfaceOrientations_iPhone = "UIInterfaceOrientationPortrait UIInterfaceOrientationLandscapeLeft UIInterfaceOrientationLandscapeRight";
				LD_RUNPATH_SEARCH_PATHS = (
					"$(inherited)",
					"@executable_path/Frameworks",
				);
				MARKETING_VERSION = 1.0;
				PRODUCT_BUNDLE_IDENTIFIER = "Double-A.Final-Calculator";
				PRODUCT_NAME = "$(TARGET_NAME)";
				SWIFT_EMIT_LOC_STRINGS = YES;
				SWIFT_VERSION = 5.0;
				TARGETED_DEVICE_FAMILY = "1,2";
			};
			name = Debug;
		};
		ADF0DCAD28E33DEB00B99EB1 /* Release */ = {
			isa = XCBuildConfiguration;
			buildSettings = {
				ASSETCATALOG_COMPILER_APPICON_NAME = AppIcon;
				ASSETCATALOG_COMPILER_GLOBAL_ACCENT_COLOR_NAME = AccentColor;
				CODE_SIGN_STYLE = Automatic;
				CURRENT_PROJECT_VERSION = 1;
				DEVELOPMENT_ASSET_PATHS = "\"Final Calculator/Preview Content\"";
				ENABLE_PREVIEWS = YES;
				GENERATE_INFOPLIST_FILE = YES;
				INFOPLIST_KEY_UIApplicationSceneManifest_Generation = YES;
				INFOPLIST_KEY_UIApplicationSupportsIndirectInputEvents = YES;
				INFOPLIST_KEY_UILaunchScreen_Generation = YES;
				INFOPLIST_KEY_UISupportedInterfaceOrientations_iPad = "UIInterfaceOrientationPortrait UIInterfaceOrientationPortraitUpsideDown UIInterfaceOrientationLandscapeLeft UIInterfaceOrientationLandscapeRight";
				INFOPLIST_KEY_UISupportedInterfaceOrientations_iPhone = "UIInterfaceOrientationPortrait UIInterfaceOrientationLandscapeLeft UIInterfaceOrientationLandscapeRight";
				LD_RUNPATH_SEARCH_PATHS = (
					"$(inherited)",
					"@executable_path/Frameworks",
				);
				MARKETING_VERSION = 1.0;
				PRODUCT_BUNDLE_IDENTIFIER = "Double-A.Final-Calculator";
				PRODUCT_NAME = "$(TARGET_NAME)";
				SWIFT_EMIT_LOC_STRINGS = YES;
				SWIFT_VERSION = 5.0;
				TARGETED_DEVICE_FAMILY = "1,2";
			};
			name = Release;
		};
		ADF0DCAF28E33DEB00B99EB1 /* Debug */ = {
			isa = XCBuildConfiguration;
			buildSettings = {
				ALWAYS_EMBED_SWIFT_STANDARD_LIBRARIES = YES;
				BUNDLE_LOADER = "$(TEST_HOST)";
				CODE_SIGN_STYLE = Automatic;
				CURRENT_PROJECT_VERSION = 1;
				GENERATE_INFOPLIST_FILE = YES;
				IPHONEOS_DEPLOYMENT_TARGET = 16.0;
				MARKETING_VERSION = 1.0;
				PRODUCT_BUNDLE_IDENTIFIER = "Double-A.Final-CalculatorTests";
				PRODUCT_NAME = "$(TARGET_NAME)";
				SWIFT_EMIT_LOC_STRINGS = NO;
				SWIFT_VERSION = 5.0;
				TARGETED_DEVICE_FAMILY = "1,2";
				TEST_HOST = "$(BUILT_PRODUCTS_DIR)/Final Calculator.app/$(BUNDLE_EXECUTABLE_FOLDER_PATH)/Final Calculator";
			};
			name = Debug;
		};
		ADF0DCB028E33DEB00B99EB1 /* Release */ = {
			isa = XCBuildConfiguration;
			buildSettings = {
				ALWAYS_EMBED_SWIFT_STANDARD_LIBRARIES = YES;
				BUNDLE_LOADER = "$(TEST_HOST)";
				CODE_SIGN_STYLE = Automatic;
				CURRENT_PROJECT_VERSION = 1;
				GENERATE_INFOPLIST_FILE = YES;
				IPHONEOS_DEPLOYMENT_TARGET = 16.0;
				MARKETING_VERSION = 1.0;
				PRODUCT_BUNDLE_IDENTIFIER = "Double-A.Final-CalculatorTests";
				PRODUCT_NAME = "$(TARGET_NAME)";
				SWIFT_EMIT_LOC_STRINGS = NO;
				SWIFT_VERSION = 5.0;
				TARGETED_DEVICE_FAMILY = "1,2";
				TEST_HOST = "$(BUILT_PRODUCTS_DIR)/Final Calculator.app/$(BUNDLE_EXECUTABLE_FOLDER_PATH)/Final Calculator";
			};
			name = Release;
		};
		ADF0DCB228E33DEB00B99EB1 /* Debug */ = {
			isa = XCBuildConfiguration;
			buildSettings = {
				ALWAYS_EMBED_SWIFT_STANDARD_LIBRARIES = YES;
				CODE_SIGN_STYLE = Automatic;
				CURRENT_PROJECT_VERSION = 1;
				GENERATE_INFOPLIST_FILE = YES;
				MARKETING_VERSION = 1.0;
				PRODUCT_BUNDLE_IDENTIFIER = "Double-A.Final-CalculatorUITests";
				PRODUCT_NAME = "$(TARGET_NAME)";
				SWIFT_EMIT_LOC_STRINGS = NO;
				SWIFT_VERSION = 5.0;
				TARGETED_DEVICE_FAMILY = "1,2";
				TEST_TARGET_NAME = "Final Calculator";
			};
			name = Debug;
		};
		ADF0DCB328E33DEB00B99EB1 /* Release */ = {
			isa = XCBuildConfiguration;
			buildSettings = {
				ALWAYS_EMBED_SWIFT_STANDARD_LIBRARIES = YES;
				CODE_SIGN_STYLE = Automatic;
				CURRENT_PROJECT_VERSION = 1;
				GENERATE_INFOPLIST_FILE = YES;
				MARKETING_VERSION = 1.0;
				PRODUCT_BUNDLE_IDENTIFIER = "Double-A.Final-CalculatorUITests";
				PRODUCT_NAME = "$(TARGET_NAME)";
				SWIFT_EMIT_LOC_STRINGS = NO;
				SWIFT_VERSION = 5.0;
				TARGETED_DEVICE_FAMILY = "1,2";
				TEST_TARGET_NAME = "Final Calculator";
			};
			name = Release;
		};
/* End XCBuildConfiguration section */

/* Begin XCConfigurationList section */
		ADF0DC8228E33DEA00B99EB1 /* Build configuration list for PBXProject "Final Calculator" */ = {
			isa = XCConfigurationList;
			buildConfigurations = (
				ADF0DCA928E33DEB00B99EB1 /* Debug */,
				ADF0DCAA28E33DEB00B99EB1 /* Release */,
			);
			defaultConfigurationIsVisible = 0;
			defaultConfigurationName = Release;
		};
		ADF0DCAB28E33DEB00B99EB1 /* Build configuration list for PBXNativeTarget "Final Calculator" */ = {
			isa = XCConfigurationList;
			buildConfigurations = (
				ADF0DCAC28E33DEB00B99EB1 /* Debug */,
				ADF0DCAD28E33DEB00B99EB1 /* Release */,
			);
			defaultConfigurationIsVisible = 0;
			defaultConfigurationName = Release;
		};
		ADF0DCAE28E33DEB00B99EB1 /* Build configuration list for PBXNativeTarget "Final CalculatorTests" */ = {
			isa = XCConfigurationList;
			buildConfigurations = (
				ADF0DCAF28E33DEB00B99EB1 /* Debug */,
				ADF0DCB028E33DEB00B99EB1 /* Release */,
			);
			defaultConfigurationIsVisible = 0;
			defaultConfigurationName = Release;
		};
		ADF0DCB128E33DEB00B99EB1 /* Build configuration list for PBXNativeTarget "Final CalculatorUITests" */ = {
			isa = XCConfigurationList;
			buildConfigurations = (
				ADF0DCB228E33DEB00B99EB1 /* Debug */,
				ADF0DCB328E33DEB00B99EB1 /* Release */,
			);
			defaultConfigurationIsVisible = 0;
			defaultConfigurationName = Release;
		};
/* End XCConfigurationList section */
	};
	rootObject = ADF0DC7F28E33DEA00B99EB1 /* Project object */;
}
